
Microsoft Visual Studio Solution File, Format Version 12.00
# Visual Studio Version 16
VisualStudioVersion = 16.0.28803.202
MinimumVisualStudioVersion = 10.0.40219.1
Project("{9A19103F-16F7-4668-BE54-9A1E7A4F7556}") = "Amarok.Shared", "src\Amarok.Shared\Amarok.Shared.csproj", "{7CFAD6F0-1F9D-4E97-A451-DB4B348DFDE2}"
EndProject
Project("{9A19103F-16F7-4668-BE54-9A1E7A4F7556}") = "Tests.Amarok.Shared", "src\Tests.Amarok.Shared\Tests.Amarok.Shared.csproj", "{46EBAEB4-B3ED-44C3-9359-25555B13045B}"
EndProject
Project("{2150E333-8FDC-42A3-9474-1A3956D46DE8}") = "Solution Items", "Solution Items", "{34C76F3A-BE4D-4DB9-B854-CC4EC86BFF16}"
	ProjectSection(SolutionItems) = preProject
		src\Amarok.Shared.licenseheader = src\Amarok.Shared.licenseheader
		azure-pipelines.yml = azure-pipelines.yml
		README.md = README.md
	EndProjectSection
EndProject
Global
	GlobalSection(SolutionConfigurationPlatforms) = preSolution
		Debug|Any CPU = Debug|Any CPU
		Release|Any CPU = Release|Any CPU
	EndGlobalSection
	GlobalSection(ProjectConfigurationPlatforms) = postSolution
		{7CFAD6F0-1F9D-4E97-A451-DB4B348DFDE2}.Debug|Any CPU.ActiveCfg = Debug|Any CPU
		{7CFAD6F0-1F9D-4E97-A451-DB4B348DFDE2}.Debug|Any CPU.Build.0 = Debug|Any CPU
		{7CFAD6F0-1F9D-4E97-A451-DB4B348DFDE2}.Release|Any CPU.ActiveCfg = Release|Any CPU
		{7CFAD6F0-1F9D-4E97-A451-DB4B348DFDE2}.Release|Any CPU.Build.0 = Release|Any CPU
		{46EBAEB4-B3ED-44C3-9359-25555B13045B}.Debug|Any CPU.ActiveCfg = Debug|Any CPU
		{46EBAEB4-B3ED-44C3-9359-25555B13045B}.Debug|Any CPU.Build.0 = Debug|Any CPU
		{46EBAEB4-B3ED-44C3-9359-25555B13045B}.Release|Any CPU.ActiveCfg = Release|Any CPU
		{46EBAEB4-B3ED-44C3-9359-25555B13045B}.Release|Any CPU.Build.0 = Release|Any CPU
	EndGlobalSection
	GlobalSection(SolutionProperties) = preSolution
		HideSolutionNode = FALSE
	EndGlobalSection
	GlobalSection(ExtensibilityGlobals) = postSolution
		SolutionGuid = {962AF89D-565D-4CF7-B021-EFCF696AFCF9}
	EndGlobalSection
EndGlobal
